
Microsoft Visual Studio Solution File, Format Version 12.00
# Visual Studio Version 17
VisualStudioVersion = 17.5.002.0
MinimumVisualStudioVersion = 10.0.40219.1
Project("{9A19103F-16F7-4668-BE54-9A1E7A4F7556}") = "Tests", "tests\Tests.csproj", "{7A4D24DC-6B0F-4F14-8ACF-28F32D3EC1C3}"
EndProject
Project("{9A19103F-16F7-4668-BE54-9A1E7A4F7556}") = "Src", "src\Src.csproj", "{F428DEE9-E0FC-4A16-98A2-0CF5084C2632}"
EndProject
Global
	GlobalSection(SolutionConfigurationPlatforms) = preSolution
		Debug|Any CPU = Debug|Any CPU
		Release|Any CPU = Release|Any CPU
	EndGlobalSection
	GlobalSection(ProjectConfigurationPlatforms) = postSolution
		{7A4D24DC-6B0F-4F14-8ACF-28F32D3EC1C3}.Debug|Any CPU.ActiveCfg = Debug|Any CPU
		{7A4D24DC-6B0F-4F14-8ACF-28F32D3EC1C3}.Debug|Any CPU.Build.0 = Debug|Any CPU
		{7A4D24DC-6B0F-4F14-8ACF-28F32D3EC1C3}.Release|Any CPU.ActiveCfg = Release|Any CPU
		{7A4D24DC-6B0F-4F14-8ACF-28F32D3EC1C3}.Release|Any CPU.Build.0 = Release|Any CPU
		{F428DEE9-E0FC-4A16-98A2-0CF5084C2632}.Debug|Any CPU.ActiveCfg = Debug|Any CPU
		{F428DEE9-E0FC-4A16-98A2-0CF5084C2632}.Debug|Any CPU.Build.0 = Debug|Any CPU
		{F428DEE9-E0FC-4A16-98A2-0CF5084C2632}.Release|Any CPU.ActiveCfg = Release|Any CPU
		{F428DEE9-E0FC-4A16-98A2-0CF5084C2632}.Release|Any CPU.Build.0 = Release|Any CPU
	EndGlobalSection
	GlobalSection(SolutionProperties) = preSolution
		HideSolutionNode = FALSE
	EndGlobalSection
	GlobalSection(ExtensibilityGlobals) = postSolution
		SolutionGuid = {B6517CA7-4358-4159-84DD-0961DC448CC7}
	EndGlobalSection
EndGlobal
